
Microsoft Visual Studio Solution File, Format Version 12.00
# Visual Studio 15
VisualStudioVersion = 15.0.27130.2036
MinimumVisualStudioVersion = 10.0.40219.1
Project("{FAE04EC0-301F-11D3-BF4B-00C04F79EFBC}") = "NRLSAdapterAutomation", "NRLSAdapterAutomation\NRLSAdapterAutomation.csproj", "{F947FA64-4A31-4A6D-835E-21440546E467}"
EndProject
Global
	GlobalSection(SolutionConfigurationPlatforms) = preSolution
		Debug|Any CPU = Debug|Any CPU
		Release|Any CPU = Release|Any CPU
	EndGlobalSection
	GlobalSection(ProjectConfigurationPlatforms) = postSolution
		{F947FA64-4A31-4A6D-835E-21440546E467}.Debug|Any CPU.ActiveCfg = Debug|Any CPU
		{F947FA64-4A31-4A6D-835E-21440546E467}.Debug|Any CPU.Build.0 = Debug|Any CPU
		{F947FA64-4A31-4A6D-835E-21440546E467}.Release|Any CPU.ActiveCfg = Release|Any CPU
		{F947FA64-4A31-4A6D-835E-21440546E467}.Release|Any CPU.Build.0 = Release|Any CPU
	EndGlobalSection
	GlobalSection(SolutionProperties) = preSolution
		HideSolutionNode = FALSE
	EndGlobalSection
	GlobalSection(ExtensibilityGlobals) = postSolution
		SolutionGuid = {F7C67A15-AF4A-456E-A77C-B695BDF1A8B6}
	EndGlobalSection
EndGlobal
